
Microsoft Visual Studio Solution File, Format Version 12.00
# Visual Studio 15
VisualStudioVersion = 15.0.26228.12
MinimumVisualStudioVersion = 10.0.40219.1
Project("{FAE04EC0-301F-11D3-BF4B-00C04F79EFBC}") = "MagicTheGathering", "MagicTheGathering\MagicTheGathering.csproj", "{BB12D23C-5AB1-46C3-9503-5FC9F5B1BF9E}"
EndProject
Project("{FAE04EC0-301F-11D3-BF4B-00C04F79EFBC}") = "MagicTheGathering.Data", "MagicTheGathering.Data\MagicTheGathering.Data.csproj", "{9ED7C612-08C8-4B5E-BCF7-6BF09D872049}"
EndProject
Project("{FAE04EC0-301F-11D3-BF4B-00C04F79EFBC}") = "DataPopulater", "DataPopulater\DataPopulater.csproj", "{3C27E1E7-E61C-44F0-88E6-6857D16A0880}"
EndProject
Global
	GlobalSection(SolutionConfigurationPlatforms) = preSolution
		Debug|Any CPU = Debug|Any CPU
		Release|Any CPU = Release|Any CPU
	EndGlobalSection
	GlobalSection(ProjectConfigurationPlatforms) = postSolution
		{BB12D23C-5AB1-46C3-9503-5FC9F5B1BF9E}.Debug|Any CPU.ActiveCfg = Debug|Any CPU
		{BB12D23C-5AB1-46C3-9503-5FC9F5B1BF9E}.Debug|Any CPU.Build.0 = Debug|Any CPU
		{BB12D23C-5AB1-46C3-9503-5FC9F5B1BF9E}.Release|Any CPU.ActiveCfg = Release|Any CPU
		{BB12D23C-5AB1-46C3-9503-5FC9F5B1BF9E}.Release|Any CPU.Build.0 = Release|Any CPU
		{9ED7C612-08C8-4B5E-BCF7-6BF09D872049}.Debug|Any CPU.ActiveCfg = Debug|Any CPU
		{9ED7C612-08C8-4B5E-BCF7-6BF09D872049}.Debug|Any CPU.Build.0 = Debug|Any CPU
		{9ED7C612-08C8-4B5E-BCF7-6BF09D872049}.Release|Any CPU.ActiveCfg = Release|Any CPU
		{9ED7C612-08C8-4B5E-BCF7-6BF09D872049}.Release|Any CPU.Build.0 = Release|Any CPU
		{3C27E1E7-E61C-44F0-88E6-6857D16A0880}.Debug|Any CPU.ActiveCfg = Debug|Any CPU
		{3C27E1E7-E61C-44F0-88E6-6857D16A0880}.Debug|Any CPU.Build.0 = Debug|Any CPU
		{3C27E1E7-E61C-44F0-88E6-6857D16A0880}.Release|Any CPU.ActiveCfg = Release|Any CPU
		{3C27E1E7-E61C-44F0-88E6-6857D16A0880}.Release|Any CPU.Build.0 = Release|Any CPU
	EndGlobalSection
	GlobalSection(SolutionProperties) = preSolution
		HideSolutionNode = FALSE
	EndGlobalSection
EndGlobal
